// !$*UTF8*$!
{
	archiveVersion = 1;
	classes = {
	};
	objectVersion = 50;
	objects = {

/* Begin PBXBuildFile section */
		CC4A00CB25E8FAD7009D1AC9 /* AppDelegate.swift in Sources */ = {isa = PBXBuildFile; fileRef = CC4A00CA25E8FAD7009D1AC9 /* AppDelegate.swift */; };
		CC4A00CD25E8FAD7009D1AC9 /* SceneDelegate.swift in Sources */ = {isa = PBXBuildFile; fileRef = CC4A00CC25E8FAD7009D1AC9 /* SceneDelegate.swift */; };
		CC4A00D225E8FAD7009D1AC9 /* Main.storyboard in Resources */ = {isa = PBXBuildFile; fileRef = CC4A00D025E8FAD7009D1AC9 /* Main.storyboard */; };
		CC4A00D525E8FAD7009D1AC9 /* ScheduleImage.xcdatamodeld in Sources */ = {isa = PBXBuildFile; fileRef = CC4A00D325E8FAD7009D1AC9 /* ScheduleImage.xcdatamodeld */; };
		CC4A00D725E8FAD9009D1AC9 /* Assets.xcassets in Resources */ = {isa = PBXBuildFile; fileRef = CC4A00D625E8FAD9009D1AC9 /* Assets.xcassets */; };
		CC4A00DA25E8FAD9009D1AC9 /* LaunchScreen.storyboard in Resources */ = {isa = PBXBuildFile; fileRef = CC4A00D825E8FAD9009D1AC9 /* LaunchScreen.storyboard */; };
		CC4A00E525E8FAD9009D1AC9 /* ScheduleImageTests.swift in Sources */ = {isa = PBXBuildFile; fileRef = CC4A00E425E8FAD9009D1AC9 /* ScheduleImageTests.swift */; };
		CC4A00F025E8FAD9009D1AC9 /* ScheduleImageUITests.swift in Sources */ = {isa = PBXBuildFile; fileRef = CC4A00EF25E8FAD9009D1AC9 /* ScheduleImageUITests.swift */; };
		CC4A011325E901D0009D1AC9 /* ViewController.swift in Sources */ = {isa = PBXBuildFile; fileRef = CC4A011025E901D0009D1AC9 /* ViewController.swift */; };
		CC4A011425E901D0009D1AC9 /* MainViewController.swift in Sources */ = {isa = PBXBuildFile; fileRef = CC4A011125E901D0009D1AC9 /* MainViewController.swift */; };
		CC4A011525E901D0009D1AC9 /* CreateViewController.swift in Sources */ = {isa = PBXBuildFile; fileRef = CC4A011225E901D0009D1AC9 /* CreateViewController.swift */; };
		CC4A011A25E901E7009D1AC9 /* DetailViewController.swift in Sources */ = {isa = PBXBuildFile; fileRef = CC4A011925E901E7009D1AC9 /* DetailViewController.swift */; };
		CCEBACF325EA3F3B0028BAD5 /* ScheduleViewCell.swift in Sources */ = {isa = PBXBuildFile; fileRef = CCEBACF125EA3F3B0028BAD5 /* ScheduleViewCell.swift */; };
		CCEBACF425EA3F3B0028BAD5 /* ScheduleViewCell.xib in Resources */ = {isa = PBXBuildFile; fileRef = CCEBACF225EA3F3B0028BAD5 /* ScheduleViewCell.xib */; };
		CCEBACFA25EA42B70028BAD5 /* Schedule.swift in Sources */ = {isa = PBXBuildFile; fileRef = CCEBACF925EA42B70028BAD5 /* Schedule.swift */; };
		CCEBAD0225EA6BBB0028BAD5 /* ResultViewController.swift in Sources */ = {isa = PBXBuildFile; fileRef = CCEBAD0125EA6BBB0028BAD5 /* ResultViewController.swift */; };
		CCEBAD0725EA6E690028BAD5 /* DateUtills.swift in Sources */ = {isa = PBXBuildFile; fileRef = CCEBAD0625EA6E690028BAD5 /* DateUtills.swift */; };
		CCEBAD0C25EA8B1C0028BAD5 /* Database.swift in Sources */ = {isa = PBXBuildFile; fileRef = CCEBAD0B25EA8B1C0028BAD5 /* Database.swift */; };
/* End PBXBuildFile section */

/* Begin PBXContainerItemProxy section */
		CC4A00E125E8FAD9009D1AC9 /* PBXContainerItemProxy */ = {
			isa = PBXContainerItemProxy;
			containerPortal = CC4A00BF25E8FAD7009D1AC9 /* Project object */;
			proxyType = 1;
			remoteGlobalIDString = CC4A00C625E8FAD7009D1AC9;
			remoteInfo = ScheduleImage;
		};
		CC4A00EC25E8FAD9009D1AC9 /* PBXContainerItemProxy */ = {
			isa = PBXContainerItemProxy;
			containerPortal = CC4A00BF25E8FAD7009D1AC9 /* Project object */;
			proxyType = 1;
			remoteGlobalIDString = CC4A00C625E8FAD7009D1AC9;
			remoteInfo = ScheduleImage;
		};
/* End PBXContainerItemProxy section */

/* Begin PBXFileReference section */
		CC4A00C725E8FAD7009D1AC9 /* ScheduleImage.app */ = {isa = PBXFileReference; explicitFileType = wrapper.application; includeInIndex = 0; path = ScheduleImage.app; sourceTree = BUILT_PRODUCTS_DIR; };
		CC4A00CA25E8FAD7009D1AC9 /* AppDelegate.swift */ = {isa = PBXFileReference; lastKnownFileType = sourcecode.swift; path = AppDelegate.swift; sourceTree = "<group>"; };
		CC4A00CC25E8FAD7009D1AC9 /* SceneDelegate.swift */ = {isa = PBXFileReference; lastKnownFileType = sourcecode.swift; path = SceneDelegate.swift; sourceTree = "<group>"; };
		CC4A00D125E8FAD7009D1AC9 /* Base */ = {isa = PBXFileReference; lastKnownFileType = file.storyboard; name = Base; path = Base.lproj/Main.storyboard; sourceTree = "<group>"; };
		CC4A00D425E8FAD7009D1AC9 /* ScheduleImage.xcdatamodel */ = {isa = PBXFileReference; lastKnownFileType = wrapper.xcdatamodel; path = ScheduleImage.xcdatamodel; sourceTree = "<group>"; };
		CC4A00D625E8FAD9009D1AC9 /* Assets.xcassets */ = {isa = PBXFileReference; lastKnownFileType = folder.assetcatalog; path = Assets.xcassets; sourceTree = "<group>"; };
		CC4A00D925E8FAD9009D1AC9 /* Base */ = {isa = PBXFileReference; lastKnownFileType = file.storyboard; name = Base; path = Base.lproj/LaunchScreen.storyboard; sourceTree = "<group>"; };
		CC4A00DB25E8FAD9009D1AC9 /* Info.plist */ = {isa = PBXFileReference; lastKnownFileType = text.plist.xml; path = Info.plist; sourceTree = "<group>"; };
		CC4A00E025E8FAD9009D1AC9 /* ScheduleImageTests.xctest */ = {isa = PBXFileReference; explicitFileType = wrapper.cfbundle; includeInIndex = 0; path = ScheduleImageTests.xctest; sourceTree = BUILT_PRODUCTS_DIR; };
		CC4A00E425E8FAD9009D1AC9 /* ScheduleImageTests.swift */ = {isa = PBXFileReference; lastKnownFileType = sourcecode.swift; path = ScheduleImageTests.swift; sourceTree = "<group>"; };
		CC4A00E625E8FAD9009D1AC9 /* Info.plist */ = {isa = PBXFileReference; lastKnownFileType = text.plist.xml; path = Info.plist; sourceTree = "<group>"; };
		CC4A00EB25E8FAD9009D1AC9 /* ScheduleImageUITests.xctest */ = {isa = PBXFileReference; explicitFileType = wrapper.cfbundle; includeInIndex = 0; path = ScheduleImageUITests.xctest; sourceTree = BUILT_PRODUCTS_DIR; };
		CC4A00EF25E8FAD9009D1AC9 /* ScheduleImageUITests.swift */ = {isa = PBXFileReference; lastKnownFileType = sourcecode.swift; path = ScheduleImageUITests.swift; sourceTree = "<group>"; };
		CC4A00F125E8FAD9009D1AC9 /* Info.plist */ = {isa = PBXFileReference; lastKnownFileType = text.plist.xml; path = Info.plist; sourceTree = "<group>"; };
		CC4A011025E901D0009D1AC9 /* ViewController.swift */ = {isa = PBXFileReference; fileEncoding = 4; lastKnownFileType = sourcecode.swift; path = ViewController.swift; sourceTree = "<group>"; };
		CC4A011125E901D0009D1AC9 /* MainViewController.swift */ = {isa = PBXFileReference; fileEncoding = 4; lastKnownFileType = sourcecode.swift; path = MainViewController.swift; sourceTree = "<group>"; };
		CC4A011225E901D0009D1AC9 /* CreateViewController.swift */ = {isa = PBXFileReference; fileEncoding = 4; lastKnownFileType = sourcecode.swift; path = CreateViewController.swift; sourceTree = "<group>"; };
		CC4A011925E901E7009D1AC9 /* DetailViewController.swift */ = {isa = PBXFileReference; lastKnownFileType = sourcecode.swift; path = DetailViewController.swift; sourceTree = "<group>"; };
		CCEBACF125EA3F3B0028BAD5 /* ScheduleViewCell.swift */ = {isa = PBXFileReference; lastKnownFileType = sourcecode.swift; path = ScheduleViewCell.swift; sourceTree = "<group>"; };
		CCEBACF225EA3F3B0028BAD5 /* ScheduleViewCell.xib */ = {isa = PBXFileReference; lastKnownFileType = file.xib; path = ScheduleViewCell.xib; sourceTree = "<group>"; };
		CCEBACF925EA42B70028BAD5 /* Schedule.swift */ = {isa = PBXFileReference; lastKnownFileType = sourcecode.swift; path = Schedule.swift; sourceTree = "<group>"; };
		CCEBAD0125EA6BBB0028BAD5 /* ResultViewController.swift */ = {isa = PBXFileReference; lastKnownFileType = sourcecode.swift; path = ResultViewController.swift; sourceTree = "<group>"; };
		CCEBAD0625EA6E690028BAD5 /* DateUtills.swift */ = {isa = PBXFileReference; lastKnownFileType = sourcecode.swift; path = DateUtills.swift; sourceTree = "<group>"; };
		CCEBAD0B25EA8B1C0028BAD5 /* Database.swift */ = {isa = PBXFileReference; lastKnownFileType = sourcecode.swift; path = Database.swift; sourceTree = "<group>"; };
/* End PBXFileReference section */

/* Begin PBXFrameworksBuildPhase section */
		CC4A00C425E8FAD7009D1AC9 /* Frameworks */ = {
			isa = PBXFrameworksBuildPhase;
			buildActionMask = 2147483647;
			files = (
			);
			runOnlyForDeploymentPostprocessing = 0;
		};
		CC4A00DD25E8FAD9009D1AC9 /* Frameworks */ = {
			isa = PBXFrameworksBuildPhase;
			buildActionMask = 2147483647;
			files = (
			);
			runOnlyForDeploymentPostprocessing = 0;
		};
		CC4A00E825E8FAD9009D1AC9 /* Frameworks */ = {
			isa = PBXFrameworksBuildPhase;
			buildActionMask = 2147483647;
			files = (
			);
			runOnlyForDeploymentPostprocessing = 0;
		};
/* End PBXFrameworksBuildPhase section */

/* Begin PBXGroup section */
		CC4A00BE25E8FAD7009D1AC9 = {
			isa = PBXGroup;
			children = (
				CC4A00C925E8FAD7009D1AC9 /* ScheduleImage */,
				CC4A010F25E901D0009D1AC9 /* ViewController */,
				CCEBACF825EA42A60028BAD5 /* Class */,
				CC4A012125E9489F009D1AC9 /* Storyboard */,
				CC4A00EE25E8FAD9009D1AC9 /* ScheduleImageUITests */,
				CC4A00E325E8FAD9009D1AC9 /* ScheduleImageTests */,
				CC4A00C825E8FAD7009D1AC9 /* Products */,
			);
			sourceTree = "<group>";
		};
		CC4A00C825E8FAD7009D1AC9 /* Products */ = {
			isa = PBXGroup;
			children = (
				CC4A00C725E8FAD7009D1AC9 /* ScheduleImage.app */,
				CC4A00E025E8FAD9009D1AC9 /* ScheduleImageTests.xctest */,
				CC4A00EB25E8FAD9009D1AC9 /* ScheduleImageUITests.xctest */,
			);
			name = Products;
			sourceTree = "<group>";
		};
		CC4A00C925E8FAD7009D1AC9 /* ScheduleImage */ = {
			isa = PBXGroup;
			children = (
				CC4A00CA25E8FAD7009D1AC9 /* AppDelegate.swift */,
				CC4A00CC25E8FAD7009D1AC9 /* SceneDelegate.swift */,
				CC4A00D625E8FAD9009D1AC9 /* Assets.xcassets */,
				CC4A00D825E8FAD9009D1AC9 /* LaunchScreen.storyboard */,
				CC4A00DB25E8FAD9009D1AC9 /* Info.plist */,
				CC4A00D325E8FAD7009D1AC9 /* ScheduleImage.xcdatamodeld */,
			);
			path = ScheduleImage;
			sourceTree = "<group>";
		};
		CC4A00E325E8FAD9009D1AC9 /* ScheduleImageTests */ = {
			isa = PBXGroup;
			children = (
				CC4A00E425E8FAD9009D1AC9 /* ScheduleImageTests.swift */,
				CC4A00E625E8FAD9009D1AC9 /* Info.plist */,
			);
			path = ScheduleImageTests;
			sourceTree = "<group>";
		};
		CC4A00EE25E8FAD9009D1AC9 /* ScheduleImageUITests */ = {
			isa = PBXGroup;
			children = (
				CC4A00EF25E8FAD9009D1AC9 /* ScheduleImageUITests.swift */,
				CC4A00F125E8FAD9009D1AC9 /* Info.plist */,
			);
			path = ScheduleImageUITests;
			sourceTree = "<group>";
		};
		CC4A010F25E901D0009D1AC9 /* ViewController */ = {
			isa = PBXGroup;
			children = (
				CC4A011025E901D0009D1AC9 /* ViewController.swift */,
				CC4A011125E901D0009D1AC9 /* MainViewController.swift */,
				CC4A011225E901D0009D1AC9 /* CreateViewController.swift */,
				CC4A011925E901E7009D1AC9 /* DetailViewController.swift */,
				CCEBAD0125EA6BBB0028BAD5 /* ResultViewController.swift */,
			);
			path = ViewController;
			sourceTree = "<group>";
		};
		CC4A012125E9489F009D1AC9 /* Storyboard */ = {
			isa = PBXGroup;
			children = (
				CC4A00D025E8FAD7009D1AC9 /* Main.storyboard */,
				CCEBACF125EA3F3B0028BAD5 /* ScheduleViewCell.swift */,
				CCEBACF225EA3F3B0028BAD5 /* ScheduleViewCell.xib */,
			);
			path = Storyboard;
			sourceTree = "<group>";
		};
		CCEBACF825EA42A60028BAD5 /* Class */ = {
			isa = PBXGroup;
			children = (
				CCEBACF925EA42B70028BAD5 /* Schedule.swift */,
				CCEBAD0625EA6E690028BAD5 /* DateUtills.swift */,
				CCEBAD0B25EA8B1C0028BAD5 /* Database.swift */,
			);
			path = Class;
			sourceTree = "<group>";
		};
/* End PBXGroup section */

/* Begin PBXNativeTarget section */
		CC4A00C625E8FAD7009D1AC9 /* ScheduleImage */ = {
			isa = PBXNativeTarget;
			buildConfigurationList = CC4A00F425E8FAD9009D1AC9 /* Build configuration list for PBXNativeTarget "ScheduleImage" */;
			buildPhases = (
				CC4A00C325E8FAD7009D1AC9 /* Sources */,
				CC4A00C425E8FAD7009D1AC9 /* Frameworks */,
				CC4A00C525E8FAD7009D1AC9 /* Resources */,
			);
			buildRules = (
			);
			dependencies = (
			);
			name = ScheduleImage;
			productName = ScheduleImage;
			productReference = CC4A00C725E8FAD7009D1AC9 /* ScheduleImage.app */;
			productType = "com.apple.product-type.application";
		};
		CC4A00DF25E8FAD9009D1AC9 /* ScheduleImageTests */ = {
			isa = PBXNativeTarget;
			buildConfigurationList = CC4A00F725E8FAD9009D1AC9 /* Build configuration list for PBXNativeTarget "ScheduleImageTests" */;
			buildPhases = (
				CC4A00DC25E8FAD9009D1AC9 /* Sources */,
				CC4A00DD25E8FAD9009D1AC9 /* Frameworks */,
				CC4A00DE25E8FAD9009D1AC9 /* Resources */,
			);
			buildRules = (
			);
			dependencies = (
				CC4A00E225E8FAD9009D1AC9 /* PBXTargetDependency */,
			);
			name = ScheduleImageTests;
			productName = ScheduleImageTests;
			productReference = CC4A00E025E8FAD9009D1AC9 /* ScheduleImageTests.xctest */;
			productType = "com.apple.product-type.bundle.unit-test";
		};
		CC4A00EA25E8FAD9009D1AC9 /* ScheduleImageUITests */ = {
			isa = PBXNativeTarget;
			buildConfigurationList = CC4A00FA25E8FAD9009D1AC9 /* Build configuration list for PBXNativeTarget "ScheduleImageUITests" */;
			buildPhases = (
				CC4A00E725E8FAD9009D1AC9 /* Sources */,
				CC4A00E825E8FAD9009D1AC9 /* Frameworks */,
				CC4A00E925E8FAD9009D1AC9 /* Resources */,
			);
			buildRules = (
			);
			dependencies = (
				CC4A00ED25E8FAD9009D1AC9 /* PBXTargetDependency */,
			);
			name = ScheduleImageUITests;
			productName = ScheduleImageUITests;
			productReference = CC4A00EB25E8FAD9009D1AC9 /* ScheduleImageUITests.xctest */;
			productType = "com.apple.product-type.bundle.ui-testing";
		};
/* End PBXNativeTarget section */

/* Begin PBXProject section */
		CC4A00BF25E8FAD7009D1AC9 /* Project object */ = {
			isa = PBXProject;
			attributes = {
				LastSwiftUpdateCheck = 1240;
				LastUpgradeCheck = 1240;
				TargetAttributes = {
					CC4A00C625E8FAD7009D1AC9 = {
						CreatedOnToolsVersion = 12.4;
					};
					CC4A00DF25E8FAD9009D1AC9 = {
						CreatedOnToolsVersion = 12.4;
						TestTargetID = CC4A00C625E8FAD7009D1AC9;
					};
					CC4A00EA25E8FAD9009D1AC9 = {
						CreatedOnToolsVersion = 12.4;
						TestTargetID = CC4A00C625E8FAD7009D1AC9;
					};
				};
			};
			buildConfigurationList = CC4A00C225E8FAD7009D1AC9 /* Build configuration list for PBXProject "ScheduleImage" */;
			compatibilityVersion = "Xcode 9.3";
			developmentRegion = en;
			hasScannedForEncodings = 0;
			knownRegions = (
				en,
				Base,
			);
			mainGroup = CC4A00BE25E8FAD7009D1AC9;
			productRefGroup = CC4A00C825E8FAD7009D1AC9 /* Products */;
			projectDirPath = "";
			projectRoot = "";
			targets = (
				CC4A00C625E8FAD7009D1AC9 /* ScheduleImage */,
				CC4A00DF25E8FAD9009D1AC9 /* ScheduleImageTests */,
				CC4A00EA25E8FAD9009D1AC9 /* ScheduleImageUITests */,
			);
		};
/* End PBXProject section */

/* Begin PBXResourcesBuildPhase section */
		CC4A00C525E8FAD7009D1AC9 /* Resources */ = {
			isa = PBXResourcesBuildPhase;
			buildActionMask = 2147483647;
			files = (
				CC4A00DA25E8FAD9009D1AC9 /* LaunchScreen.storyboard in Resources */,
				CCEBACF425EA3F3B0028BAD5 /* ScheduleViewCell.xib in Resources */,
				CC4A00D725E8FAD9009D1AC9 /* Assets.xcassets in Resources */,
				CC4A00D225E8FAD7009D1AC9 /* Main.storyboard in Resources */,
			);
			runOnlyForDeploymentPostprocessing = 0;
		};
		CC4A00DE25E8FAD9009D1AC9 /* Resources */ = {
			isa = PBXResourcesBuildPhase;
			buildActionMask = 2147483647;
			files = (
			);
			runOnlyForDeploymentPostprocessing = 0;
		};
		CC4A00E925E8FAD9009D1AC9 /* Resources */ = {
			isa = PBXResourcesBuildPhase;
			buildActionMask = 2147483647;
			files = (
			);
			runOnlyForDeploymentPostprocessing = 0;
		};
/* End PBXResourcesBuildPhase section */

/* Begin PBXSourcesBuildPhase section */
		CC4A00C325E8FAD7009D1AC9 /* Sources */ = {
			isa = PBXSourcesBuildPhase;
			buildActionMask = 2147483647;
			files = (
				CC4A011525E901D0009D1AC9 /* CreateViewController.swift in Sources */,
				CCEBACF325EA3F3B0028BAD5 /* ScheduleViewCell.swift in Sources */,
				CC4A00CB25E8FAD7009D1AC9 /* AppDelegate.swift in Sources */,
				CCEBACFA25EA42B70028BAD5 /* Schedule.swift in Sources */,
				CC4A00D525E8FAD7009D1AC9 /* ScheduleImage.xcdatamodeld in Sources */,
				CCEBAD0725EA6E690028BAD5 /* DateUtills.swift in Sources */,
				CCEBAD0C25EA8B1C0028BAD5 /* Database.swift in Sources */,
				CCEBAD0225EA6BBB0028BAD5 /* ResultViewController.swift in Sources */,
				CC4A00CD25E8FAD7009D1AC9 /* SceneDelegate.swift in Sources */,
				CC4A011425E901D0009D1AC9 /* MainViewController.swift in Sources */,
				CC4A011325E901D0009D1AC9 /* ViewController.swift in Sources */,
				CC4A011A25E901E7009D1AC9 /* DetailViewController.swift in Sources */,
			);
			runOnlyForDeploymentPostprocessing = 0;
		};
		CC4A00DC25E8FAD9009D1AC9 /* Sources */ = {
			isa = PBXSourcesBuildPhase;
			buildActionMask = 2147483647;
			files = (
				CC4A00E525E8FAD9009D1AC9 /* ScheduleImageTests.swift in Sources */,
			);
			runOnlyForDeploymentPostprocessing = 0;
		};
		CC4A00E725E8FAD9009D1AC9 /* Sources */ = {
			isa = PBXSourcesBuildPhase;
			buildActionMask = 2147483647;
			files = (
				CC4A00F025E8FAD9009D1AC9 /* ScheduleImageUITests.swift in Sources */,
			);
			runOnlyForDeploymentPostprocessing = 0;
		};
/* End PBXSourcesBuildPhase section */

/* Begin PBXTargetDependency section */
		CC4A00E225E8FAD9009D1AC9 /* PBXTargetDependency */ = {
			isa = PBXTargetDependency;
			target = CC4A00C625E8FAD7009D1AC9 /* ScheduleImage */;
			targetProxy = CC4A00E125E8FAD9009D1AC9 /* PBXContainerItemProxy */;
		};
		CC4A00ED25E8FAD9009D1AC9 /* PBXTargetDependency */ = {
			isa = PBXTargetDependency;
			target = CC4A00C625E8FAD7009D1AC9 /* ScheduleImage */;
			targetProxy = CC4A00EC25E8FAD9009D1AC9 /* PBXContainerItemProxy */;
		};
/* End PBXTargetDependency section */

/* Begin PBXVariantGroup section */
		CC4A00D025E8FAD7009D1AC9 /* Main.storyboard */ = {
			isa = PBXVariantGroup;
			children = (
				CC4A00D125E8FAD7009D1AC9 /* Base */,
			);
			name = Main.storyboard;
			sourceTree = "<group>";
		};
		CC4A00D825E8FAD9009D1AC9 /* LaunchScreen.storyboard */ = {
			isa = PBXVariantGroup;
			children = (
				CC4A00D925E8FAD9009D1AC9 /* Base */,
			);
			name = LaunchScreen.storyboard;
			sourceTree = "<group>";
		};
/* End PBXVariantGroup section */

/* Begin XCBuildConfiguration section */
		CC4A00F225E8FAD9009D1AC9 /* Debug */ = {
			isa = XCBuildConfiguration;
			buildSettings = {
				ALWAYS_SEARCH_USER_PATHS = NO;
				CLANG_ANALYZER_NONNULL = YES;
				CLANG_ANALYZER_NUMBER_OBJECT_CONVERSION = YES_AGGRESSIVE;
				CLANG_CXX_LANGUAGE_STANDARD = "gnu++14";
				CLANG_CXX_LIBRARY = "libc++";
				CLANG_ENABLE_MODULES = YES;
				CLANG_ENABLE_OBJC_ARC = YES;
				CLANG_ENABLE_OBJC_WEAK = YES;
				CLANG_WARN_BLOCK_CAPTURE_AUTORELEASING = YES;
				CLANG_WARN_BOOL_CONVERSION = YES;
				CLANG_WARN_COMMA = YES;
				CLANG_WARN_CONSTANT_CONVERSION = YES;
				CLANG_WARN_DEPRECATED_OBJC_IMPLEMENTATIONS = YES;
				CLANG_WARN_DIRECT_OBJC_ISA_USAGE = YES_ERROR;
				CLANG_WARN_DOCUMENTATION_COMMENTS = YES;
				CLANG_WARN_EMPTY_BODY = YES;
				CLANG_WARN_ENUM_CONVERSION = YES;
				CLANG_WARN_INFINITE_RECURSION = YES;
				CLANG_WARN_INT_CONVERSION = YES;
				CLANG_WARN_NON_LITERAL_NULL_CONVERSION = YES;
				CLANG_WARN_OBJC_IMPLICIT_RETAIN_SELF = YES;
				CLANG_WARN_OBJC_LITERAL_CONVERSION = YES;
				CLANG_WARN_OBJC_ROOT_CLASS = YES_ERROR;
				CLANG_WARN_QUOTED_INCLUDE_IN_FRAMEWORK_HEADER = YES;
				CLANG_WARN_RANGE_LOOP_ANALYSIS = YES;
				CLANG_WARN_STRICT_PROTOTYPES = YES;
				CLANG_WARN_SUSPICIOUS_MOVE = YES;
				CLANG_WARN_UNGUARDED_AVAILABILITY = YES_AGGRESSIVE;
				CLANG_WARN_UNREACHABLE_CODE = YES;
				CLANG_WARN__DUPLICATE_METHOD_MATCH = YES;
				COPY_PHASE_STRIP = NO;
				DEBUG_INFORMATION_FORMAT = dwarf;
				ENABLE_STRICT_OBJC_MSGSEND = YES;
				ENABLE_TESTABILITY = YES;
				GCC_C_LANGUAGE_STANDARD = gnu11;
				GCC_DYNAMIC_NO_PIC = NO;
				GCC_NO_COMMON_BLOCKS = YES;
				GCC_OPTIMIZATION_LEVEL = 0;
				GCC_PREPROCESSOR_DEFINITIONS = (
					"DEBUG=1",
					"$(inherited)",
				);
				GCC_WARN_64_TO_32_BIT_CONVERSION = YES;
				GCC_WARN_ABOUT_RETURN_TYPE = YES_ERROR;
				GCC_WARN_UNDECLARED_SELECTOR = YES;
				GCC_WARN_UNINITIALIZED_AUTOS = YES_AGGRESSIVE;
				GCC_WARN_UNUSED_FUNCTION = YES;
				GCC_WARN_UNUSED_VARIABLE = YES;
				IPHONEOS_DEPLOYMENT_TARGET = 14.4;
				MTL_ENABLE_DEBUG_INFO = INCLUDE_SOURCE;
				MTL_FAST_MATH = YES;
				ONLY_ACTIVE_ARCH = YES;
				SDKROOT = iphoneos;
				SWIFT_ACTIVE_COMPILATION_CONDITIONS = DEBUG;
				SWIFT_OPTIMIZATION_LEVEL = "-Onone";
			};
			name = Debug;
		};
		CC4A00F325E8FAD9009D1AC9 /* Release */ = {
			isa = XCBuildConfiguration;
			buildSettings = {
				ALWAYS_SEARCH_USER_PATHS = NO;
				CLANG_ANALYZER_NONNULL = YES;
				CLANG_ANALYZER_NUMBER_OBJECT_CONVERSION = YES_AGGRESSIVE;
				CLANG_CXX_LANGUAGE_STANDARD = "gnu++14";
				CLANG_CXX_LIBRARY = "libc++";
				CLANG_ENABLE_MODULES = YES;
				CLANG_ENABLE_OBJC_ARC = YES;
				CLANG_ENABLE_OBJC_WEAK = YES;
				CLANG_WARN_BLOCK_CAPTURE_AUTORELEASING = YES;
				CLANG_WARN_BOOL_CONVERSION = YES;
				CLANG_WARN_COMMA = YES;
				CLANG_WARN_CONSTANT_CONVERSION = YES;
				CLANG_WARN_DEPRECATED_OBJC_IMPLEMENTATIONS = YES;
				CLANG_WARN_DIRECT_OBJC_ISA_USAGE = YES_ERROR;
				CLANG_WARN_DOCUMENTATION_COMMENTS = YES;
				CLANG_WARN_EMPTY_BODY = YES;
				CLANG_WARN_ENUM_CONVERSION = YES;
				CLANG_WARN_INFINITE_RECURSION = YES;
				CLANG_WARN_INT_CONVERSION = YES;
				CLANG_WARN_NON_LITERAL_NULL_CONVERSION = YES;
				CLANG_WARN_OBJC_IMPLICIT_RETAIN_SELF = YES;
				CLANG_WARN_OBJC_LITERAL_CONVERSION = YES;
				CLANG_WARN_OBJC_ROOT_CLASS = YES_ERROR;
				CLANG_WARN_QUOTED_INCLUDE_IN_FRAMEWORK_HEADER = YES;
				CLANG_WARN_RANGE_LOOP_ANALYSIS = YES;
				CLANG_WARN_STRICT_PROTOTYPES = YES;
				CLANG_WARN_SUSPICIOUS_MOVE = YES;
				CLANG_WARN_UNGUARDED_AVAILABILITY = YES_AGGRESSIVE;
				CLANG_WARN_UNREACHABLE_CODE = YES;
				CLANG_WARN__DUPLICATE_METHOD_MATCH = YES;
				COPY_PHASE_STRIP = NO;
				DEBUG_INFORMATION_FORMAT = "dwarf-with-dsym";
				ENABLE_NS_ASSERTIONS = NO;
				ENABLE_STRICT_OBJC_MSGSEND = YES;
				GCC_C_LANGUAGE_STANDARD = gnu11;
				GCC_NO_COMMON_BLOCKS = YES;
				GCC_WARN_64_TO_32_BIT_CONVERSION = YES;
				GCC_WARN_ABOUT_RETURN_TYPE = YES_ERROR;
				GCC_WARN_UNDECLARED_SELECTOR = YES;
				GCC_WARN_UNINITIALIZED_AUTOS = YES_AGGRESSIVE;
				GCC_WARN_UNUSED_FUNCTION = YES;
				GCC_WARN_UNUSED_VARIABLE = YES;
				IPHONEOS_DEPLOYMENT_TARGET = 14.4;
				MTL_ENABLE_DEBUG_INFO = NO;
				MTL_FAST_MATH = YES;
				SDKROOT = iphoneos;
				SWIFT_COMPILATION_MODE = wholemodule;
				SWIFT_OPTIMIZATION_LEVEL = "-O";
				VALIDATE_PRODUCT = YES;
			};
			name = Release;
		};
		CC4A00F525E8FAD9009D1AC9 /* Debug */ = {
			isa = XCBuildConfiguration;
			buildSettings = {
				ASSETCATALOG_COMPILER_APPICON_NAME = AppIcon;
				ASSETCATALOG_COMPILER_GLOBAL_ACCENT_COLOR_NAME = AccentColor;
				CODE_SIGN_STYLE = Automatic;
				DEVELOPMENT_TEAM = Y243Z9JSGV;
				INFOPLIST_FILE = ScheduleImage/Info.plist;
				LD_RUNPATH_SEARCH_PATHS = (
					"$(inherited)",
					"@executable_path/Frameworks",
				);
				PRODUCT_BUNDLE_IDENTIFIER = app.yahata.chile.ScheduleImage;
				PRODUCT_NAME = "$(TARGET_NAME)";
				SWIFT_VERSION = 5.0;
				TARGETED_DEVICE_FAMILY = "1,2";
			};
			name = Debug;
		};
		CC4A00F625E8FAD9009D1AC9 /* Release */ = {
			isa = XCBuildConfiguration;
			buildSettings = {
				ASSETCATALOG_COMPILER_APPICON_NAME = AppIcon;
				ASSETCATALOG_COMPILER_GLOBAL_ACCENT_COLOR_NAME = AccentColor;
				CODE_SIGN_STYLE = Automatic;
				DEVELOPMENT_TEAM = Y243Z9JSGV;
				INFOPLIST_FILE = ScheduleImage/Info.plist;
				LD_RUNPATH_SEARCH_PATHS = (
					"$(inherited)",
					"@executable_path/Frameworks",
				);
				PRODUCT_BUNDLE_IDENTIFIER = app.yahata.chile.ScheduleImage;
				PRODUCT_NAME = "$(TARGET_NAME)";
				SWIFT_VERSION = 5.0;
				TARGETED_DEVICE_FAMILY = "1,2";
			};
			name = Release;
		};
		CC4A00F825E8FAD9009D1AC9 /* Debug */ = {
			isa = XCBuildConfiguration;
			buildSettings = {
				ALWAYS_EMBED_SWIFT_STANDARD_LIBRARIES = YES;
				BUNDLE_LOADER = "$(TEST_HOST)";
				CODE_SIGN_STYLE = Automatic;
				DEVELOPMENT_TEAM = Y243Z9JSGV;
				INFOPLIST_FILE = ScheduleImageTests/Info.plist;
				IPHONEOS_DEPLOYMENT_TARGET = 14.4;
				LD_RUNPATH_SEARCH_PATHS = (
					"$(inherited)",
					"@executable_path/Frameworks",
					"@loader_path/Frameworks",
				);
				PRODUCT_BUNDLE_IDENTIFIER = app.yahata.chile.ScheduleImageTests;
				PRODUCT_NAME = "$(TARGET_NAME)";
				SWIFT_VERSION = 5.0;
				TARGETED_DEVICE_FAMILY = "1,2";
				TEST_HOST = "$(BUILT_PRODUCTS_DIR)/ScheduleImage.app/ScheduleImage";
			};
			name = Debug;
		};
		CC4A00F925E8FAD9009D1AC9 /* Release */ = {
			isa = XCBuildConfiguration;
			buildSettings = {
				ALWAYS_EMBED_SWIFT_STANDARD_LIBRARIES = YES;
				BUNDLE_LOADER = "$(TEST_HOST)";
				CODE_SIGN_STYLE = Automatic;
				DEVELOPMENT_TEAM = Y243Z9JSGV;
				INFOPLIST_FILE = ScheduleImageTests/Info.plist;
				IPHONEOS_DEPLOYMENT_TARGET = 14.4;
				LD_RUNPATH_SEARCH_PATHS = (
					"$(inherited)",
					"@executable_path/Frameworks",
					"@loader_path/Frameworks",
				);
				PRODUCT_BUNDLE_IDENTIFIER = app.yahata.chile.ScheduleImageTests;
				PRODUCT_NAME = "$(TARGET_NAME)";
				SWIFT_VERSION = 5.0;
				TARGETED_DEVICE_FAMILY = "1,2";
				TEST_HOST = "$(BUILT_PRODUCTS_DIR)/ScheduleImage.app/ScheduleImage";
			};
			name = Release;
		};
		CC4A00FB25E8FAD9009D1AC9 /* Debug */ = {
			isa = XCBuildConfiguration;
			buildSettings = {
				ALWAYS_EMBED_SWIFT_STANDARD_LIBRARIES = YES;
				CODE_SIGN_STYLE = Automatic;
				DEVELOPMENT_TEAM = Y243Z9JSGV;
				INFOPLIST_FILE = ScheduleImageUITests/Info.plist;
				LD_RUNPATH_SEARCH_PATHS = (
					"$(inherited)",
					"@executable_path/Frameworks",
					"@loader_path/Frameworks",
				);
				PRODUCT_BUNDLE_IDENTIFIER = app.yahata.chile.ScheduleImageUITests;
				PRODUCT_NAME = "$(TARGET_NAME)";
				SWIFT_VERSION = 5.0;
				TARGETED_DEVICE_FAMILY = "1,2";
				TEST_TARGET_NAME = ScheduleImage;
			};
			name = Debug;
		};
		CC4A00FC25E8FAD9009D1AC9 /* Release */ = {
			isa = XCBuildConfiguration;
			buildSettings = {
				ALWAYS_EMBED_SWIFT_STANDARD_LIBRARIES = YES;
				CODE_SIGN_STYLE = Automatic;
				DEVELOPMENT_TEAM = Y243Z9JSGV;
				INFOPLIST_FILE = ScheduleImageUITests/Info.plist;
				LD_RUNPATH_SEARCH_PATHS = (
					"$(inherited)",
					"@executable_path/Frameworks",
					"@loader_path/Frameworks",
				);
				PRODUCT_BUNDLE_IDENTIFIER = app.yahata.chile.ScheduleImageUITests;
				PRODUCT_NAME = "$(TARGET_NAME)";
				SWIFT_VERSION = 5.0;
				TARGETED_DEVICE_FAMILY = "1,2";
				TEST_TARGET_NAME = ScheduleImage;
			};
			name = Release;
		};
/* End XCBuildConfiguration section */

/* Begin XCConfigurationList section */
		CC4A00C225E8FAD7009D1AC9 /* Build configuration list for PBXProject "ScheduleImage" */ = {
			isa = XCConfigurationList;
			buildConfigurations = (
				CC4A00F225E8FAD9009D1AC9 /* Debug */,
				CC4A00F325E8FAD9009D1AC9 /* Release */,
			);
			defaultConfigurationIsVisible = 0;
			defaultConfigurationName = Release;
		};
		CC4A00F425E8FAD9009D1AC9 /* Build configuration list for PBXNativeTarget "ScheduleImage" */ = {
			isa = XCConfigurationList;
			buildConfigurations = (
				CC4A00F525E8FAD9009D1AC9 /* Debug */,
				CC4A00F625E8FAD9009D1AC9 /* Release */,
			);
			defaultConfigurationIsVisible = 0;
			defaultConfigurationName = Release;
		};
		CC4A00F725E8FAD9009D1AC9 /* Build configuration list for PBXNativeTarget "ScheduleImageTests" */ = {
			isa = XCConfigurationList;
			buildConfigurations = (
				CC4A00F825E8FAD9009D1AC9 /* Debug */,
				CC4A00F925E8FAD9009D1AC9 /* Release */,
			);
			defaultConfigurationIsVisible = 0;
			defaultConfigurationName = Release;
		};
		CC4A00FA25E8FAD9009D1AC9 /* Build configuration list for PBXNativeTarget "ScheduleImageUITests" */ = {
			isa = XCConfigurationList;
			buildConfigurations = (
				CC4A00FB25E8FAD9009D1AC9 /* Debug */,
				CC4A00FC25E8FAD9009D1AC9 /* Release */,
			);
			defaultConfigurationIsVisible = 0;
			defaultConfigurationName = Release;
		};
/* End XCConfigurationList section */

/* Begin XCVersionGroup section */
		CC4A00D325E8FAD7009D1AC9 /* ScheduleImage.xcdatamodeld */ = {
			isa = XCVersionGroup;
			children = (
				CC4A00D425E8FAD7009D1AC9 /* ScheduleImage.xcdatamodel */,
			);
			currentVersion = CC4A00D425E8FAD7009D1AC9 /* ScheduleImage.xcdatamodel */;
			path = ScheduleImage.xcdatamodeld;
			sourceTree = "<group>";
			versionGroupType = wrapper.xcdatamodel;
		};
/* End XCVersionGroup section */
	};
	rootObject = CC4A00BF25E8FAD7009D1AC9 /* Project object */;
}
